
Microsoft Visual Studio Solution File, Format Version 12.00
# Visual Studio Version 17
VisualStudioVersion = 17.14.36327.8
MinimumVisualStudioVersion = 10.0.40219.1
Project("{FAE04EC0-301F-11D3-BF4B-00C04F79EFBC}") = "AppPersonnage", "AppPersonnage\AppPersonnage.csproj", "{CD3D28D4-1415-4D83-8931-87044C658F24}"
EndProject
Project("{FAE04EC0-301F-11D3-BF4B-00C04F79EFBC}") = "AppRobot", "AppRobot\AppRobot.csproj", "{47374114-3BFE-4319-8570-7CE7598E50EB}"
EndProject
Global
	GlobalSection(SolutionConfigurationPlatforms) = preSolution
		Debug|Any CPU = Debug|Any CPU
		Release|Any CPU = Release|Any CPU
	EndGlobalSection
	GlobalSection(ProjectConfigurationPlatforms) = postSolution
		{CD3D28D4-1415-4D83-8931-87044C658F24}.Debug|Any CPU.ActiveCfg = Debug|Any CPU
		{CD3D28D4-1415-4D83-8931-87044C658F24}.Debug|Any CPU.Build.0 = Debug|Any CPU
		{CD3D28D4-1415-4D83-8931-87044C658F24}.Release|Any CPU.ActiveCfg = Release|Any CPU
		{CD3D28D4-1415-4D83-8931-87044C658F24}.Release|Any CPU.Build.0 = Release|Any CPU
		{47374114-3BFE-4319-8570-7CE7598E50EB}.Debug|Any CPU.ActiveCfg = Debug|Any CPU
		{47374114-3BFE-4319-8570-7CE7598E50EB}.Debug|Any CPU.Build.0 = Debug|Any CPU
		{47374114-3BFE-4319-8570-7CE7598E50EB}.Release|Any CPU.ActiveCfg = Release|Any CPU
		{47374114-3BFE-4319-8570-7CE7598E50EB}.Release|Any CPU.Build.0 = Release|Any CPU
	EndGlobalSection
	GlobalSection(SolutionProperties) = preSolution
		HideSolutionNode = FALSE
	EndGlobalSection
	GlobalSection(ExtensibilityGlobals) = postSolution
		SolutionGuid = {BC888751-D5D3-4323-BF4A-16C16C72A220}
	EndGlobalSection
EndGlobal
